
Microsoft Visual Studio Solution File, Format Version 12.00
# Visual Studio 14
VisualStudioVersion = 14.0.25420.1
MinimumVisualStudioVersion = 10.0.40219.1
Project("{F184B08F-C81C-45F6-A57F-5ABD9991F28F}") = "CapaPresentacionGenerica", "CapaPresentacionGenerica\CapaPresentacionGenerica.vbproj", "{3B80E88A-5423-4DC0-BE23-83C55FFC59C0}"
EndProject
Project("{F184B08F-C81C-45F6-A57F-5ABD9991F28F}") = "CapaPresentacionPersonas", "CapaPresentacionPersonas\CapaPresentacionPersonas.vbproj", "{BBE2C99B-A27F-44B6-878B-DEBAE757964F}"
EndProject
Project("{F184B08F-C81C-45F6-A57F-5ABD9991F28F}") = "entUsuario", "entUsuario\entUsuario.vbproj", "{69F98DBD-1F37-432E-A47D-04705666AAA0}"
EndProject
Project("{F184B08F-C81C-45F6-A57F-5ABD9991F28F}") = "CapaDatos", "CapaDatos\CapaDatos.vbproj", "{87DDD88A-9CFB-4449-AD28-019AC5596B84}"
EndProject
Project("{F184B08F-C81C-45F6-A57F-5ABD9991F28F}") = "CapaNegocio", "CapaNegocio\CapaNegocio.vbproj", "{ADF17145-C879-432C-A276-EF70D9CFF8AA}"
EndProject
Project("{F184B08F-C81C-45F6-A57F-5ABD9991F28F}") = "UtilidadesSQL", "UtilidadesSQL\UtilidadesSQL.vbproj", "{97621751-8781-4253-A558-7A9080060522}"
EndProject
Project("{F184B08F-C81C-45F6-A57F-5ABD9991F28F}") = "entPersona", "entPersona\entPersona.vbproj", "{BF1831BB-63C0-43C2-8AA2-4CE9CA06622B}"
EndProject
Project("{F184B08F-C81C-45F6-A57F-5ABD9991F28F}") = "entPaciente", "entPaciente\entPaciente.vbproj", "{831BD537-5E82-4EF4-8C86-A7E7C5A02317}"
EndProject
Project("{F184B08F-C81C-45F6-A57F-5ABD9991F28F}") = "entProfesionales", "entProfesionales\entProfesionales.vbproj", "{2074F775-6129-42C9-821B-6576E03EDFF6}"
EndProject
Project("{F184B08F-C81C-45F6-A57F-5ABD9991F28F}") = "CapaPresentacionLocalidades", "CapaPresentacionLocalidades\CapaPresentacionLocalidades.vbproj", "{861497E0-0594-4A7B-A752-813B23FFD9B1}"
EndProject
Project("{F184B08F-C81C-45F6-A57F-5ABD9991F28F}") = "CapaPresentacionObrasSociales", "CapaPresentacionObrasSociales\CapaPresentacionObrasSociales.vbproj", "{71564393-6F6A-4C6B-8162-B30580EA1961}"
EndProject
Project("{F184B08F-C81C-45F6-A57F-5ABD9991F28F}") = "CapaPresentacionUsuarios", "CapaPresentacionUsuarios\CapaPresentacionUsuarios.vbproj", "{90E2DB27-F5BB-4E69-B512-694CEBF59E60}"
EndProject
Project("{F184B08F-C81C-45F6-A57F-5ABD9991F28F}") = "entHistoriaClinica", "entHistoriaClinica\entHistoriaClinica.vbproj", "{3CF1D1D1-1719-481F-A06D-D9DA1E49D03B}"
EndProject
Project("{F184B08F-C81C-45F6-A57F-5ABD9991F28F}") = "entLocalidad", "entLocalidad\entLocalidad.vbproj", "{669ABBB4-BF49-4B08-B178-13E1A1120086}"
EndProject
Project("{F184B08F-C81C-45F6-A57F-5ABD9991F28F}") = "entProvincia", "entProvincia\entProvincia.vbproj", "{BD4232B6-F1F0-49D2-B298-7DAA04C92872}"
EndProject
Project("{F184B08F-C81C-45F6-A57F-5ABD9991F28F}") = "entObraSocial", "entObraSocial\entObraSocial.vbproj", "{4562D7F6-7D9A-4168-B1EF-B3CE4295613E}"
EndProject
Project("{F184B08F-C81C-45F6-A57F-5ABD9991F28F}") = "entPrivilegio", "entPrivilegio\entPrivilegio.vbproj", "{1BF8C5E6-D0A4-41A5-97A1-7EAA83F6E7D9}"
EndProject
Project("{F184B08F-C81C-45F6-A57F-5ABD9991F28F}") = "entTipoDocumento", "entTipoDocumento\entTipoDocumento.vbproj", "{0ADF02CB-2AD0-4B82-913E-375AF51E1CD4}"
EndProject
Project("{F184B08F-C81C-45F6-A57F-5ABD9991F28F}") = "entTurnos", "entTurnos\entTurnos.vbproj", "{B2D0B736-7E2A-4610-959D-8B2EC6584DCB}"
EndProject
Project("{F184B08F-C81C-45F6-A57F-5ABD9991F28F}") = "entGrupoSanguineo", "entGrupoSanguineo\entGrupoSanguineo.vbproj", "{61D1D30F-B766-40C1-AC50-40F5A1F3332B}"
EndProject
Project("{F184B08F-C81C-45F6-A57F-5ABD9991F28F}") = "entAntecedente", "entAntecedente\entAntecedente.vbproj", "{A55EE603-E3FA-42ED-9707-8BAA6F5B2E1E}"
EndProject
Project("{F184B08F-C81C-45F6-A57F-5ABD9991F28F}") = "EnviarCorreo", "EnviarCorreo\EnviarCorreo.vbproj", "{A397B5FE-DF38-4771-AE25-D49772551307}"
EndProject
Global
	GlobalSection(SolutionConfigurationPlatforms) = preSolution
		Debug|Any CPU = Debug|Any CPU
		Release|Any CPU = Release|Any CPU
	EndGlobalSection
	GlobalSection(ProjectConfigurationPlatforms) = postSolution
		{3B80E88A-5423-4DC0-BE23-83C55FFC59C0}.Debug|Any CPU.ActiveCfg = Debug|Any CPU
		{3B80E88A-5423-4DC0-BE23-83C55FFC59C0}.Debug|Any CPU.Build.0 = Debug|Any CPU
		{3B80E88A-5423-4DC0-BE23-83C55FFC59C0}.Release|Any CPU.ActiveCfg = Release|Any CPU
		{3B80E88A-5423-4DC0-BE23-83C55FFC59C0}.Release|Any CPU.Build.0 = Release|Any CPU
		{BBE2C99B-A27F-44B6-878B-DEBAE757964F}.Debug|Any CPU.ActiveCfg = Debug|Any CPU
		{BBE2C99B-A27F-44B6-878B-DEBAE757964F}.Debug|Any CPU.Build.0 = Debug|Any CPU
		{BBE2C99B-A27F-44B6-878B-DEBAE757964F}.Release|Any CPU.ActiveCfg = Release|Any CPU
		{BBE2C99B-A27F-44B6-878B-DEBAE757964F}.Release|Any CPU.Build.0 = Release|Any CPU
		{69F98DBD-1F37-432E-A47D-04705666AAA0}.Debug|Any CPU.ActiveCfg = Debug|Any CPU
		{69F98DBD-1F37-432E-A47D-04705666AAA0}.Debug|Any CPU.Build.0 = Debug|Any CPU
		{69F98DBD-1F37-432E-A47D-04705666AAA0}.Release|Any CPU.ActiveCfg = Release|Any CPU
		{69F98DBD-1F37-432E-A47D-04705666AAA0}.Release|Any CPU.Build.0 = Release|Any CPU
		{87DDD88A-9CFB-4449-AD28-019AC5596B84}.Debug|Any CPU.ActiveCfg = Debug|Any CPU
		{87DDD88A-9CFB-4449-AD28-019AC5596B84}.Debug|Any CPU.Build.0 = Debug|Any CPU
		{87DDD88A-9CFB-4449-AD28-019AC5596B84}.Release|Any CPU.ActiveCfg = Release|Any CPU
		{87DDD88A-9CFB-4449-AD28-019AC5596B84}.Release|Any CPU.Build.0 = Release|Any CPU
		{ADF17145-C879-432C-A276-EF70D9CFF8AA}.Debug|Any CPU.ActiveCfg = Debug|Any CPU
		{ADF17145-C879-432C-A276-EF70D9CFF8AA}.Debug|Any CPU.Build.0 = Debug|Any CPU
		{ADF17145-C879-432C-A276-EF70D9CFF8AA}.Release|Any CPU.ActiveCfg = Release|Any CPU
		{ADF17145-C879-432C-A276-EF70D9CFF8AA}.Release|Any CPU.Build.0 = Release|Any CPU
		{97621751-8781-4253-A558-7A9080060522}.Debug|Any CPU.ActiveCfg = Debug|Any CPU
		{97621751-8781-4253-A558-7A9080060522}.Debug|Any CPU.Build.0 = Debug|Any CPU
		{97621751-8781-4253-A558-7A9080060522}.Release|Any CPU.ActiveCfg = Release|Any CPU
		{97621751-8781-4253-A558-7A9080060522}.Release|Any CPU.Build.0 = Release|Any CPU
		{BF1831BB-63C0-43C2-8AA2-4CE9CA06622B}.Debug|Any CPU.ActiveCfg = Debug|Any CPU
		{BF1831BB-63C0-43C2-8AA2-4CE9CA06622B}.Debug|Any CPU.Build.0 = Debug|Any CPU
		{BF1831BB-63C0-43C2-8AA2-4CE9CA06622B}.Release|Any CPU.ActiveCfg = Release|Any CPU
		{BF1831BB-63C0-43C2-8AA2-4CE9CA06622B}.Release|Any CPU.Build.0 = Release|Any CPU
		{831BD537-5E82-4EF4-8C86-A7E7C5A02317}.Debug|Any CPU.ActiveCfg = Debug|Any CPU
		{831BD537-5E82-4EF4-8C86-A7E7C5A02317}.Debug|Any CPU.Build.0 = Debug|Any CPU
		{831BD537-5E82-4EF4-8C86-A7E7C5A02317}.Release|Any CPU.ActiveCfg = Release|Any CPU
		{831BD537-5E82-4EF4-8C86-A7E7C5A02317}.Release|Any CPU.Build.0 = Release|Any CPU
		{2074F775-6129-42C9-821B-6576E03EDFF6}.Debug|Any CPU.ActiveCfg = Debug|Any CPU
		{2074F775-6129-42C9-821B-6576E03EDFF6}.Debug|Any CPU.Build.0 = Debug|Any CPU
		{2074F775-6129-42C9-821B-6576E03EDFF6}.Release|Any CPU.ActiveCfg = Release|Any CPU
		{2074F775-6129-42C9-821B-6576E03EDFF6}.Release|Any CPU.Build.0 = Release|Any CPU
		{861497E0-0594-4A7B-A752-813B23FFD9B1}.Debug|Any CPU.ActiveCfg = Debug|Any CPU
		{861497E0-0594-4A7B-A752-813B23FFD9B1}.Debug|Any CPU.Build.0 = Debug|Any CPU
		{861497E0-0594-4A7B-A752-813B23FFD9B1}.Release|Any CPU.ActiveCfg = Release|Any CPU
		{861497E0-0594-4A7B-A752-813B23FFD9B1}.Release|Any CPU.Build.0 = Release|Any CPU
		{71564393-6F6A-4C6B-8162-B30580EA1961}.Debug|Any CPU.ActiveCfg = Debug|Any CPU
		{71564393-6F6A-4C6B-8162-B30580EA1961}.Debug|Any CPU.Build.0 = Debug|Any CPU
		{71564393-6F6A-4C6B-8162-B30580EA1961}.Release|Any CPU.ActiveCfg = Release|Any CPU
		{71564393-6F6A-4C6B-8162-B30580EA1961}.Release|Any CPU.Build.0 = Release|Any CPU
		{90E2DB27-F5BB-4E69-B512-694CEBF59E60}.Debug|Any CPU.ActiveCfg = Debug|Any CPU
		{90E2DB27-F5BB-4E69-B512-694CEBF59E60}.Debug|Any CPU.Build.0 = Debug|Any CPU
		{90E2DB27-F5BB-4E69-B512-694CEBF59E60}.Release|Any CPU.ActiveCfg = Release|Any CPU
		{90E2DB27-F5BB-4E69-B512-694CEBF59E60}.Release|Any CPU.Build.0 = Release|Any CPU
		{3CF1D1D1-1719-481F-A06D-D9DA1E49D03B}.Debug|Any CPU.ActiveCfg = Debug|Any CPU
		{3CF1D1D1-1719-481F-A06D-D9DA1E49D03B}.Debug|Any CPU.Build.0 = Debug|Any CPU
		{3CF1D1D1-1719-481F-A06D-D9DA1E49D03B}.Release|Any CPU.ActiveCfg = Release|Any CPU
		{3CF1D1D1-1719-481F-A06D-D9DA1E49D03B}.Release|Any CPU.Build.0 = Release|Any CPU
		{669ABBB4-BF49-4B08-B178-13E1A1120086}.Debug|Any CPU.ActiveCfg = Debug|Any CPU
		{669ABBB4-BF49-4B08-B178-13E1A1120086}.Debug|Any CPU.Build.0 = Debug|Any CPU
		{669ABBB4-BF49-4B08-B178-13E1A1120086}.Release|Any CPU.ActiveCfg = Release|Any CPU
		{669ABBB4-BF49-4B08-B178-13E1A1120086}.Release|Any CPU.Build.0 = Release|Any CPU
		{BD4232B6-F1F0-49D2-B298-7DAA04C92872}.Debug|Any CPU.ActiveCfg = Debug|Any CPU
		{BD4232B6-F1F0-49D2-B298-7DAA04C92872}.Debug|Any CPU.Build.0 = Debug|Any CPU
		{BD4232B6-F1F0-49D2-B298-7DAA04C92872}.Release|Any CPU.ActiveCfg = Release|Any CPU
		{BD4232B6-F1F0-49D2-B298-7DAA04C92872}.Release|Any CPU.Build.0 = Release|Any CPU
		{4562D7F6-7D9A-4168-B1EF-B3CE4295613E}.Debug|Any CPU.ActiveCfg = Debug|Any CPU
		{4562D7F6-7D9A-4168-B1EF-B3CE4295613E}.Debug|Any CPU.Build.0 = Debug|Any CPU
		{4562D7F6-7D9A-4168-B1EF-B3CE4295613E}.Release|Any CPU.ActiveCfg = Release|Any CPU
		{4562D7F6-7D9A-4168-B1EF-B3CE4295613E}.Release|Any CPU.Build.0 = Release|Any CPU
		{1BF8C5E6-D0A4-41A5-97A1-7EAA83F6E7D9}.Debug|Any CPU.ActiveCfg = Debug|Any CPU
		{1BF8C5E6-D0A4-41A5-97A1-7EAA83F6E7D9}.Debug|Any CPU.Build.0 = Debug|Any CPU
		{1BF8C5E6-D0A4-41A5-97A1-7EAA83F6E7D9}.Release|Any CPU.ActiveCfg = Release|Any CPU
		{1BF8C5E6-D0A4-41A5-97A1-7EAA83F6E7D9}.Release|Any CPU.Build.0 = Release|Any CPU
		{0ADF02CB-2AD0-4B82-913E-375AF51E1CD4}.Debug|Any CPU.ActiveCfg = Debug|Any CPU
		{0ADF02CB-2AD0-4B82-913E-375AF51E1CD4}.Debug|Any CPU.Build.0 = Debug|Any CPU
		{0ADF02CB-2AD0-4B82-913E-375AF51E1CD4}.Release|Any CPU.ActiveCfg = Release|Any CPU
		{0ADF02CB-2AD0-4B82-913E-375AF51E1CD4}.Release|Any CPU.Build.0 = Release|Any CPU
		{B2D0B736-7E2A-4610-959D-8B2EC6584DCB}.Debug|Any CPU.ActiveCfg = Debug|Any CPU
		{B2D0B736-7E2A-4610-959D-8B2EC6584DCB}.Debug|Any CPU.Build.0 = Debug|Any CPU
		{B2D0B736-7E2A-4610-959D-8B2EC6584DCB}.Release|Any CPU.ActiveCfg = Release|Any CPU
		{B2D0B736-7E2A-4610-959D-8B2EC6584DCB}.Release|Any CPU.Build.0 = Release|Any CPU
		{61D1D30F-B766-40C1-AC50-40F5A1F3332B}.Debug|Any CPU.ActiveCfg = Debug|Any CPU
		{61D1D30F-B766-40C1-AC50-40F5A1F3332B}.Debug|Any CPU.Build.0 = Debug|Any CPU
		{61D1D30F-B766-40C1-AC50-40F5A1F3332B}.Release|Any CPU.ActiveCfg = Release|Any CPU
		{61D1D30F-B766-40C1-AC50-40F5A1F3332B}.Release|Any CPU.Build.0 = Release|Any CPU
		{A55EE603-E3FA-42ED-9707-8BAA6F5B2E1E}.Debug|Any CPU.ActiveCfg = Debug|Any CPU
		{A55EE603-E3FA-42ED-9707-8BAA6F5B2E1E}.Debug|Any CPU.Build.0 = Debug|Any CPU
		{A55EE603-E3FA-42ED-9707-8BAA6F5B2E1E}.Release|Any CPU.ActiveCfg = Release|Any CPU
		{A55EE603-E3FA-42ED-9707-8BAA6F5B2E1E}.Release|Any CPU.Build.0 = Release|Any CPU
		{A397B5FE-DF38-4771-AE25-D49772551307}.Debug|Any CPU.ActiveCfg = Debug|Any CPU
		{A397B5FE-DF38-4771-AE25-D49772551307}.Debug|Any CPU.Build.0 = Debug|Any CPU
		{A397B5FE-DF38-4771-AE25-D49772551307}.Release|Any CPU.ActiveCfg = Release|Any CPU
		{A397B5FE-DF38-4771-AE25-D49772551307}.Release|Any CPU.Build.0 = Release|Any CPU
	EndGlobalSection
	GlobalSection(SolutionProperties) = preSolution
		HideSolutionNode = FALSE
	EndGlobalSection
EndGlobal
